// !$*UTF8*$!
{
	archiveVersion = 1;
	classes = {
	};
	objectVersion = 55;
	objects = {

/* Begin PBXBuildFile section */
		F51E49B52897842400ED7472 /* StatisticsView.swift in Sources */ = {isa = PBXBuildFile; fileRef = F51E49B42897842400ED7472 /* StatisticsView.swift */; };
		F51E49B728979AFD00ED7472 /* LocationView.swift in Sources */ = {isa = PBXBuildFile; fileRef = F51E49B628979AFD00ED7472 /* LocationView.swift */; };
		F521A5062896E2CC005D8BF6 /* FishBuddyApp.swift in Sources */ = {isa = PBXBuildFile; fileRef = F521A5052896E2CC005D8BF6 /* FishBuddyApp.swift */; };
		F521A5082896E2CC005D8BF6 /* HomeView.swift in Sources */ = {isa = PBXBuildFile; fileRef = F521A5072896E2CC005D8BF6 /* HomeView.swift */; };
		F521A50A2896E2CD005D8BF6 /* Assets.xcassets in Resources */ = {isa = PBXBuildFile; fileRef = F521A5092896E2CD005D8BF6 /* Assets.xcassets */; };
		F521A50D2896E2CD005D8BF6 /* Preview Assets.xcassets in Resources */ = {isa = PBXBuildFile; fileRef = F521A50C2896E2CD005D8BF6 /* Preview Assets.xcassets */; };
		F521A5172896E2CD005D8BF6 /* FishBuddyTests.swift in Sources */ = {isa = PBXBuildFile; fileRef = F521A5162896E2CD005D8BF6 /* FishBuddyTests.swift */; };
		F521A5212896E2CD005D8BF6 /* FishBuddyUITests.swift in Sources */ = {isa = PBXBuildFile; fileRef = F521A5202896E2CD005D8BF6 /* FishBuddyUITests.swift */; };
		F521A5232896E2CD005D8BF6 /* FishBuddyUITestsLaunchTests.swift in Sources */ = {isa = PBXBuildFile; fileRef = F521A5222896E2CD005D8BF6 /* FishBuddyUITestsLaunchTests.swift */; };
		F521A5302896EE6C005D8BF6 /* CaughtFish.swift in Sources */ = {isa = PBXBuildFile; fileRef = F521A52F2896EE6C005D8BF6 /* CaughtFish.swift */; };
		F521A5322896F0F4005D8BF6 /* LocationVisit.swift in Sources */ = {isa = PBXBuildFile; fileRef = F521A5312896F0F4005D8BF6 /* LocationVisit.swift */; };
		F521A5342896F25C005D8BF6 /* Trip.swift in Sources */ = {isa = PBXBuildFile; fileRef = F521A5332896F25C005D8BF6 /* Trip.swift */; };
		F521A53628970835005D8BF6 /* TripCollection.swift in Sources */ = {isa = PBXBuildFile; fileRef = F521A53528970835005D8BF6 /* TripCollection.swift */; };
		F521A539289708DC005D8BF6 /* TripCollectionView.swift in Sources */ = {isa = PBXBuildFile; fileRef = F521A538289708DC005D8BF6 /* TripCollectionView.swift */; };
		F521A53B28970E45005D8BF6 /* Location.swift in Sources */ = {isa = PBXBuildFile; fileRef = F521A53A28970E45005D8BF6 /* Location.swift */; };
		F521A53D2897142D005D8BF6 /* TripDetailView.swift in Sources */ = {isa = PBXBuildFile; fileRef = F521A53C2897142D005D8BF6 /* TripDetailView.swift */; };
		F53BDED128B47BE600E16635 /* AddCatchViewModel.swift in Sources */ = {isa = PBXBuildFile; fileRef = F53BDED028B47BE600E16635 /* AddCatchViewModel.swift */; };
		F549EF14289EDEE70062E280 /* ListPlatter.swift in Sources */ = {isa = PBXBuildFile; fileRef = F549EF13289EDEE70062E280 /* ListPlatter.swift */; };
		F549EF1728A0E6730062E280 /* AddNewCatch.swift in Sources */ = {isa = PBXBuildFile; fileRef = F549EF1628A0E6730062E280 /* AddNewCatch.swift */; };
		F5AA34C1289878FF0096FCAB /* FishView.swift in Sources */ = {isa = PBXBuildFile; fileRef = F5AA34C0289878FF0096FCAB /* FishView.swift */; };
		F5F6051028972DBC006A40D5 /* Fish.swift in Sources */ = {isa = PBXBuildFile; fileRef = F5F6050F28972DBC006A40D5 /* Fish.swift */; };
		F5F60512289736C2006A40D5 /* AddCatchView.swift in Sources */ = {isa = PBXBuildFile; fileRef = F5F60511289736C2006A40D5 /* AddCatchView.swift */; };
/* End PBXBuildFile section */

/* Begin PBXContainerItemProxy section */
		F521A5132896E2CD005D8BF6 /* PBXContainerItemProxy */ = {
			isa = PBXContainerItemProxy;
			containerPortal = F521A4FA2896E2CC005D8BF6 /* Project object */;
			proxyType = 1;
			remoteGlobalIDString = F521A5012896E2CC005D8BF6;
			remoteInfo = FishBuddy;
		};
		F521A51D2896E2CD005D8BF6 /* PBXContainerItemProxy */ = {
			isa = PBXContainerItemProxy;
			containerPortal = F521A4FA2896E2CC005D8BF6 /* Project object */;
			proxyType = 1;
			remoteGlobalIDString = F521A5012896E2CC005D8BF6;
			remoteInfo = FishBuddy;
		};
/* End PBXContainerItemProxy section */

/* Begin PBXFileReference section */
		F51E49B42897842400ED7472 /* StatisticsView.swift */ = {isa = PBXFileReference; lastKnownFileType = sourcecode.swift; path = StatisticsView.swift; sourceTree = "<group>"; };
		F51E49B628979AFD00ED7472 /* LocationView.swift */ = {isa = PBXFileReference; lastKnownFileType = sourcecode.swift; path = LocationView.swift; sourceTree = "<group>"; };
		F521A5022896E2CC005D8BF6 /* FishBuddy.app */ = {isa = PBXFileReference; explicitFileType = wrapper.application; includeInIndex = 0; path = FishBuddy.app; sourceTree = BUILT_PRODUCTS_DIR; };
		F521A5052896E2CC005D8BF6 /* FishBuddyApp.swift */ = {isa = PBXFileReference; lastKnownFileType = sourcecode.swift; path = FishBuddyApp.swift; sourceTree = "<group>"; };
		F521A5072896E2CC005D8BF6 /* HomeView.swift */ = {isa = PBXFileReference; lastKnownFileType = sourcecode.swift; path = HomeView.swift; sourceTree = "<group>"; };
		F521A5092896E2CD005D8BF6 /* Assets.xcassets */ = {isa = PBXFileReference; lastKnownFileType = folder.assetcatalog; path = Assets.xcassets; sourceTree = "<group>"; };
		F521A50C2896E2CD005D8BF6 /* Preview Assets.xcassets */ = {isa = PBXFileReference; lastKnownFileType = folder.assetcatalog; path = "Preview Assets.xcassets"; sourceTree = "<group>"; };
		F521A5122896E2CD005D8BF6 /* FishBuddyTests.xctest */ = {isa = PBXFileReference; explicitFileType = wrapper.cfbundle; includeInIndex = 0; path = FishBuddyTests.xctest; sourceTree = BUILT_PRODUCTS_DIR; };
		F521A5162896E2CD005D8BF6 /* FishBuddyTests.swift */ = {isa = PBXFileReference; lastKnownFileType = sourcecode.swift; path = FishBuddyTests.swift; sourceTree = "<group>"; };
		F521A51C2896E2CD005D8BF6 /* FishBuddyUITests.xctest */ = {isa = PBXFileReference; explicitFileType = wrapper.cfbundle; includeInIndex = 0; path = FishBuddyUITests.xctest; sourceTree = BUILT_PRODUCTS_DIR; };
		F521A5202896E2CD005D8BF6 /* FishBuddyUITests.swift */ = {isa = PBXFileReference; lastKnownFileType = sourcecode.swift; path = FishBuddyUITests.swift; sourceTree = "<group>"; };
		F521A5222896E2CD005D8BF6 /* FishBuddyUITestsLaunchTests.swift */ = {isa = PBXFileReference; lastKnownFileType = sourcecode.swift; path = FishBuddyUITestsLaunchTests.swift; sourceTree = "<group>"; };
		F521A52F2896EE6C005D8BF6 /* CaughtFish.swift */ = {isa = PBXFileReference; lastKnownFileType = sourcecode.swift; path = CaughtFish.swift; sourceTree = "<group>"; };
		F521A5312896F0F4005D8BF6 /* LocationVisit.swift */ = {isa = PBXFileReference; lastKnownFileType = sourcecode.swift; path = LocationVisit.swift; sourceTree = "<group>"; };
		F521A5332896F25C005D8BF6 /* Trip.swift */ = {isa = PBXFileReference; lastKnownFileType = sourcecode.swift; path = Trip.swift; sourceTree = "<group>"; };
		F521A53528970835005D8BF6 /* TripCollection.swift */ = {isa = PBXFileReference; lastKnownFileType = sourcecode.swift; path = TripCollection.swift; sourceTree = "<group>"; };
		F521A538289708DC005D8BF6 /* TripCollectionView.swift */ = {isa = PBXFileReference; lastKnownFileType = sourcecode.swift; path = TripCollectionView.swift; sourceTree = "<group>"; };
		F521A53A28970E45005D8BF6 /* Location.swift */ = {isa = PBXFileReference; lastKnownFileType = sourcecode.swift; path = Location.swift; sourceTree = "<group>"; };
		F521A53C2897142D005D8BF6 /* TripDetailView.swift */ = {isa = PBXFileReference; lastKnownFileType = sourcecode.swift; path = TripDetailView.swift; sourceTree = "<group>"; };
		F531A4AC28A83CD80016759E /* CRDTs */ = {isa = PBXFileReference; lastKnownFileType = wrapper; path = CRDTs; sourceTree = "<group>"; };
		F53BDED028B47BE600E16635 /* AddCatchViewModel.swift */ = {isa = PBXFileReference; lastKnownFileType = sourcecode.swift; path = AddCatchViewModel.swift; sourceTree = "<group>"; };
		F549EF13289EDEE70062E280 /* ListPlatter.swift */ = {isa = PBXFileReference; lastKnownFileType = sourcecode.swift; path = ListPlatter.swift; sourceTree = "<group>"; };
		F549EF1628A0E6730062E280 /* AddNewCatch.swift */ = {isa = PBXFileReference; lastKnownFileType = sourcecode.swift; path = AddNewCatch.swift; sourceTree = "<group>"; };
		F5AA34C0289878FF0096FCAB /* FishView.swift */ = {isa = PBXFileReference; lastKnownFileType = sourcecode.swift; path = FishView.swift; sourceTree = "<group>"; };
		F5F6050F28972DBC006A40D5 /* Fish.swift */ = {isa = PBXFileReference; lastKnownFileType = sourcecode.swift; path = Fish.swift; sourceTree = "<group>"; };
		F5F60511289736C2006A40D5 /* AddCatchView.swift */ = {isa = PBXFileReference; lastKnownFileType = sourcecode.swift; path = AddCatchView.swift; sourceTree = "<group>"; };
/* End PBXFileReference section */

/* Begin PBXFrameworksBuildPhase section */
		F521A4FF2896E2CC005D8BF6 /* Frameworks */ = {
			isa = PBXFrameworksBuildPhase;
			buildActionMask = 2147483647;
			files = (
			);
			runOnlyForDeploymentPostprocessing = 0;
		};
		F521A50F2896E2CD005D8BF6 /* Frameworks */ = {
			isa = PBXFrameworksBuildPhase;
			buildActionMask = 2147483647;
			files = (
			);
			runOnlyForDeploymentPostprocessing = 0;
		};
		F521A5192896E2CD005D8BF6 /* Frameworks */ = {
			isa = PBXFrameworksBuildPhase;
			buildActionMask = 2147483647;
			files = (
			);
			runOnlyForDeploymentPostprocessing = 0;
		};
/* End PBXFrameworksBuildPhase section */

/* Begin PBXGroup section */
		F521A4F92896E2CC005D8BF6 = {
			isa = PBXGroup;
			children = (
				F531A4AC28A83CD80016759E /* CRDTs */,
				F521A5042896E2CC005D8BF6 /* FishBuddy */,
				F521A5152896E2CD005D8BF6 /* FishBuddyTests */,
				F521A51F2896E2CD005D8BF6 /* FishBuddyUITests */,
				F521A5032896E2CC005D8BF6 /* Products */,
			);
			sourceTree = "<group>";
		};
		F521A5032896E2CC005D8BF6 /* Products */ = {
			isa = PBXGroup;
			children = (
				F521A5022896E2CC005D8BF6 /* FishBuddy.app */,
				F521A5122896E2CD005D8BF6 /* FishBuddyTests.xctest */,
				F521A51C2896E2CD005D8BF6 /* FishBuddyUITests.xctest */,
			);
			name = Products;
			sourceTree = "<group>";
		};
		F521A5042896E2CC005D8BF6 /* FishBuddy */ = {
			isa = PBXGroup;
			children = (
				F521A5052896E2CC005D8BF6 /* FishBuddyApp.swift */,
				F5F6050E28972CE5006A40D5 /* Views */,
				F549EF1528A0A1690062E280 /* NewCatch */,
				F521A53728970878005D8BF6 /* LoggedCatch */,
				F521A5092896E2CD005D8BF6 /* Assets.xcassets */,
				F521A50B2896E2CD005D8BF6 /* Preview Content */,
			);
			path = FishBuddy;
			sourceTree = "<group>";
		};
		F521A50B2896E2CD005D8BF6 /* Preview Content */ = {
			isa = PBXGroup;
			children = (
				F521A50C2896E2CD005D8BF6 /* Preview Assets.xcassets */,
			);
			path = "Preview Content";
			sourceTree = "<group>";
		};
		F521A5152896E2CD005D8BF6 /* FishBuddyTests */ = {
			isa = PBXGroup;
			children = (
				F521A5162896E2CD005D8BF6 /* FishBuddyTests.swift */,
			);
			path = FishBuddyTests;
			sourceTree = "<group>";
		};
		F521A51F2896E2CD005D8BF6 /* FishBuddyUITests */ = {
			isa = PBXGroup;
			children = (
				F521A5202896E2CD005D8BF6 /* FishBuddyUITests.swift */,
				F521A5222896E2CD005D8BF6 /* FishBuddyUITestsLaunchTests.swift */,
			);
			path = FishBuddyUITests;
			sourceTree = "<group>";
		};
		F521A53728970878005D8BF6 /* LoggedCatch */ = {
			isa = PBXGroup;
			children = (
				F521A53528970835005D8BF6 /* TripCollection.swift */,
				F521A5332896F25C005D8BF6 /* Trip.swift */,
				F521A5312896F0F4005D8BF6 /* LocationVisit.swift */,
				F521A53A28970E45005D8BF6 /* Location.swift */,
				F521A52F2896EE6C005D8BF6 /* CaughtFish.swift */,
				F5F6050F28972DBC006A40D5 /* Fish.swift */,
			);
			path = LoggedCatch;
			sourceTree = "<group>";
		};
		F549EF1528A0A1690062E280 /* NewCatch */ = {
			isa = PBXGroup;
			children = (
				F549EF1628A0E6730062E280 /* AddNewCatch.swift */,
				F53BDED028B47BE600E16635 /* AddCatchViewModel.swift */,
			);
			path = NewCatch;
			sourceTree = "<group>";
		};
		F5F6050E28972CE5006A40D5 /* Views */ = {
			isa = PBXGroup;
			children = (
				F521A5072896E2CC005D8BF6 /* HomeView.swift */,
				F5F60511289736C2006A40D5 /* AddCatchView.swift */,
				F521A538289708DC005D8BF6 /* TripCollectionView.swift */,
				F521A53C2897142D005D8BF6 /* TripDetailView.swift */,
				F51E49B628979AFD00ED7472 /* LocationView.swift */,
				F5AA34C0289878FF0096FCAB /* FishView.swift */,
				F549EF13289EDEE70062E280 /* ListPlatter.swift */,
				F51E49B42897842400ED7472 /* StatisticsView.swift */,
			);
			path = Views;
			sourceTree = "<group>";
		};
/* End PBXGroup section */

/* Begin PBXNativeTarget section */
		F521A5012896E2CC005D8BF6 /* FishBuddy */ = {
			isa = PBXNativeTarget;
			buildConfigurationList = F521A5262896E2CD005D8BF6 /* Build configuration list for PBXNativeTarget "FishBuddy" */;
			buildPhases = (
				F521A4FE2896E2CC005D8BF6 /* Sources */,
				F521A4FF2896E2CC005D8BF6 /* Frameworks */,
				F521A5002896E2CC005D8BF6 /* Resources */,
			);
			buildRules = (
			);
			dependencies = (
			);
			name = FishBuddy;
			productName = FishBuddy;
			productReference = F521A5022896E2CC005D8BF6 /* FishBuddy.app */;
			productType = "com.apple.product-type.application";
		};
		F521A5112896E2CD005D8BF6 /* FishBuddyTests */ = {
			isa = PBXNativeTarget;
			buildConfigurationList = F521A5292896E2CD005D8BF6 /* Build configuration list for PBXNativeTarget "FishBuddyTests" */;
			buildPhases = (
				F521A50E2896E2CD005D8BF6 /* Sources */,
				F521A50F2896E2CD005D8BF6 /* Frameworks */,
				F521A5102896E2CD005D8BF6 /* Resources */,
			);
			buildRules = (
			);
			dependencies = (
				F521A5142896E2CD005D8BF6 /* PBXTargetDependency */,
			);
			name = FishBuddyTests;
			productName = FishBuddyTests;
			productReference = F521A5122896E2CD005D8BF6 /* FishBuddyTests.xctest */;
			productType = "com.apple.product-type.bundle.unit-test";
		};
		F521A51B2896E2CD005D8BF6 /* FishBuddyUITests */ = {
			isa = PBXNativeTarget;
			buildConfigurationList = F521A52C2896E2CD005D8BF6 /* Build configuration list for PBXNativeTarget "FishBuddyUITests" */;
			buildPhases = (
				F521A5182896E2CD005D8BF6 /* Sources */,
				F521A5192896E2CD005D8BF6 /* Frameworks */,
				F521A51A2896E2CD005D8BF6 /* Resources */,
			);
			buildRules = (
			);
			dependencies = (
				F521A51E2896E2CD005D8BF6 /* PBXTargetDependency */,
			);
			name = FishBuddyUITests;
			productName = FishBuddyUITests;
			productReference = F521A51C2896E2CD005D8BF6 /* FishBuddyUITests.xctest */;
			productType = "com.apple.product-type.bundle.ui-testing";
		};
/* End PBXNativeTarget section */

/* Begin PBXProject section */
		F521A4FA2896E2CC005D8BF6 /* Project object */ = {
			isa = PBXProject;
			attributes = {
				BuildIndependentTargetsInParallel = 1;
				LastSwiftUpdateCheck = 1340;
				LastUpgradeCheck = 1340;
				TargetAttributes = {
					F521A5012896E2CC005D8BF6 = {
						CreatedOnToolsVersion = 13.4.1;
					};
					F521A5112896E2CD005D8BF6 = {
						CreatedOnToolsVersion = 13.4.1;
						TestTargetID = F521A5012896E2CC005D8BF6;
					};
					F521A51B2896E2CD005D8BF6 = {
						CreatedOnToolsVersion = 13.4.1;
						TestTargetID = F521A5012896E2CC005D8BF6;
					};
				};
			};
			buildConfigurationList = F521A4FD2896E2CC005D8BF6 /* Build configuration list for PBXProject "FishBuddy" */;
			compatibilityVersion = "Xcode 13.0";
			developmentRegion = en;
			hasScannedForEncodings = 0;
			knownRegions = (
				en,
				Base,
			);
			mainGroup = F521A4F92896E2CC005D8BF6;
			productRefGroup = F521A5032896E2CC005D8BF6 /* Products */;
			projectDirPath = "";
			projectRoot = "";
			targets = (
				F521A5012896E2CC005D8BF6 /* FishBuddy */,
				F521A5112896E2CD005D8BF6 /* FishBuddyTests */,
				F521A51B2896E2CD005D8BF6 /* FishBuddyUITests */,
			);
		};
/* End PBXProject section */

/* Begin PBXResourcesBuildPhase section */
		F521A5002896E2CC005D8BF6 /* Resources */ = {
			isa = PBXResourcesBuildPhase;
			buildActionMask = 2147483647;
			files = (
				F521A50D2896E2CD005D8BF6 /* Preview Assets.xcassets in Resources */,
				F521A50A2896E2CD005D8BF6 /* Assets.xcassets in Resources */,
			);
			runOnlyForDeploymentPostprocessing = 0;
		};
		F521A5102896E2CD005D8BF6 /* Resources */ = {
			isa = PBXResourcesBuildPhase;
			buildActionMask = 2147483647;
			files = (
			);
			runOnlyForDeploymentPostprocessing = 0;
		};
		F521A51A2896E2CD005D8BF6 /* Resources */ = {
			isa = PBXResourcesBuildPhase;
			buildActionMask = 2147483647;
			files = (
			);
			runOnlyForDeploymentPostprocessing = 0;
		};
/* End PBXResourcesBuildPhase section */

/* Begin PBXSourcesBuildPhase section */
		F521A4FE2896E2CC005D8BF6 /* Sources */ = {
			isa = PBXSourcesBuildPhase;
			buildActionMask = 2147483647;
			files = (
				F51E49B728979AFD00ED7472 /* LocationView.swift in Sources */,
				F521A5082896E2CC005D8BF6 /* HomeView.swift in Sources */,
				F51E49B52897842400ED7472 /* StatisticsView.swift in Sources */,
				F521A5062896E2CC005D8BF6 /* FishBuddyApp.swift in Sources */,
				F521A53D2897142D005D8BF6 /* TripDetailView.swift in Sources */,
				F521A53B28970E45005D8BF6 /* Location.swift in Sources */,
				F521A539289708DC005D8BF6 /* TripCollectionView.swift in Sources */,
				F5F6051028972DBC006A40D5 /* Fish.swift in Sources */,
				F521A53628970835005D8BF6 /* TripCollection.swift in Sources */,
				F549EF1728A0E6730062E280 /* AddNewCatch.swift in Sources */,
				F5F60512289736C2006A40D5 /* AddCatchView.swift in Sources */,
				F521A5322896F0F4005D8BF6 /* LocationVisit.swift in Sources */,
				F549EF14289EDEE70062E280 /* ListPlatter.swift in Sources */,
				F53BDED128B47BE600E16635 /* AddCatchViewModel.swift in Sources */,
				F521A5342896F25C005D8BF6 /* Trip.swift in Sources */,
				F5AA34C1289878FF0096FCAB /* FishView.swift in Sources */,
				F521A5302896EE6C005D8BF6 /* CaughtFish.swift in Sources */,
			);
			runOnlyForDeploymentPostprocessing = 0;
		};
		F521A50E2896E2CD005D8BF6 /* Sources */ = {
			isa = PBXSourcesBuildPhase;
			buildActionMask = 2147483647;
			files = (
				F521A5172896E2CD005D8BF6 /* FishBuddyTests.swift in Sources */,
			);
			runOnlyForDeploymentPostprocessing = 0;
		};
		F521A5182896E2CD005D8BF6 /* Sources */ = {
			isa = PBXSourcesBuildPhase;
			buildActionMask = 2147483647;
			files = (
				F521A5212896E2CD005D8BF6 /* FishBuddyUITests.swift in Sources */,
				F521A5232896E2CD005D8BF6 /* FishBuddyUITestsLaunchTests.swift in Sources */,
			);
			runOnlyForDeploymentPostprocessing = 0;
		};
/* End PBXSourcesBuildPhase section */

/* Begin PBXTargetDependency section */
		F521A5142896E2CD005D8BF6 /* PBXTargetDependency */ = {
			isa = PBXTargetDependency;
			target = F521A5012896E2CC005D8BF6 /* FishBuddy */;
			targetProxy = F521A5132896E2CD005D8BF6 /* PBXContainerItemProxy */;
		};
		F521A51E2896E2CD005D8BF6 /* PBXTargetDependency */ = {
			isa = PBXTargetDependency;
			target = F521A5012896E2CC005D8BF6 /* FishBuddy */;
			targetProxy = F521A51D2896E2CD005D8BF6 /* PBXContainerItemProxy */;
		};
/* End PBXTargetDependency section */

/* Begin XCBuildConfiguration section */
		F521A5242896E2CD005D8BF6 /* Debug */ = {
			isa = XCBuildConfiguration;
			buildSettings = {
				ALWAYS_SEARCH_USER_PATHS = NO;
				CLANG_ANALYZER_NONNULL = YES;
				CLANG_ANALYZER_NUMBER_OBJECT_CONVERSION = YES_AGGRESSIVE;
				CLANG_CXX_LANGUAGE_STANDARD = "gnu++17";
				CLANG_ENABLE_MODULES = YES;
				CLANG_ENABLE_OBJC_ARC = YES;
				CLANG_ENABLE_OBJC_WEAK = YES;
				CLANG_WARN_BLOCK_CAPTURE_AUTORELEASING = YES;
				CLANG_WARN_BOOL_CONVERSION = YES;
				CLANG_WARN_COMMA = YES;
				CLANG_WARN_CONSTANT_CONVERSION = YES;
				CLANG_WARN_DEPRECATED_OBJC_IMPLEMENTATIONS = YES;
				CLANG_WARN_DIRECT_OBJC_ISA_USAGE = YES_ERROR;
				CLANG_WARN_DOCUMENTATION_COMMENTS = YES;
				CLANG_WARN_EMPTY_BODY = YES;
				CLANG_WARN_ENUM_CONVERSION = YES;
				CLANG_WARN_INFINITE_RECURSION = YES;
				CLANG_WARN_INT_CONVERSION = YES;
				CLANG_WARN_NON_LITERAL_NULL_CONVERSION = YES;
				CLANG_WARN_OBJC_IMPLICIT_RETAIN_SELF = YES;
				CLANG_WARN_OBJC_LITERAL_CONVERSION = YES;
				CLANG_WARN_OBJC_ROOT_CLASS = YES_ERROR;
				CLANG_WARN_QUOTED_INCLUDE_IN_FRAMEWORK_HEADER = YES;
				CLANG_WARN_RANGE_LOOP_ANALYSIS = YES;
				CLANG_WARN_STRICT_PROTOTYPES = YES;
				CLANG_WARN_SUSPICIOUS_MOVE = YES;
				CLANG_WARN_UNGUARDED_AVAILABILITY = YES_AGGRESSIVE;
				CLANG_WARN_UNREACHABLE_CODE = YES;
				CLANG_WARN__DUPLICATE_METHOD_MATCH = YES;
				COPY_PHASE_STRIP = NO;
				DEBUG_INFORMATION_FORMAT = dwarf;
				ENABLE_STRICT_OBJC_MSGSEND = YES;
				ENABLE_TESTABILITY = YES;
				GCC_C_LANGUAGE_STANDARD = gnu11;
				GCC_DYNAMIC_NO_PIC = NO;
				GCC_NO_COMMON_BLOCKS = YES;
				GCC_OPTIMIZATION_LEVEL = 0;
				GCC_PREPROCESSOR_DEFINITIONS = (
					"DEBUG=1",
					"$(inherited)",
				);
				GCC_WARN_64_TO_32_BIT_CONVERSION = YES;
				GCC_WARN_ABOUT_RETURN_TYPE = YES_ERROR;
				GCC_WARN_UNDECLARED_SELECTOR = YES;
				GCC_WARN_UNINITIALIZED_AUTOS = YES_AGGRESSIVE;
				GCC_WARN_UNUSED_FUNCTION = YES;
				GCC_WARN_UNUSED_VARIABLE = YES;
				IPHONEOS_DEPLOYMENT_TARGET = 15.5;
				MTL_ENABLE_DEBUG_INFO = INCLUDE_SOURCE;
				MTL_FAST_MATH = YES;
				ONLY_ACTIVE_ARCH = YES;
				SDKROOT = iphoneos;
				SWIFT_ACTIVE_COMPILATION_CONDITIONS = DEBUG;
				SWIFT_OPTIMIZATION_LEVEL = "-Onone";
			};
			name = Debug;
		};
		F521A5252896E2CD005D8BF6 /* Release */ = {
			isa = XCBuildConfiguration;
			buildSettings = {
				ALWAYS_SEARCH_USER_PATHS = NO;
				CLANG_ANALYZER_NONNULL = YES;
				CLANG_ANALYZER_NUMBER_OBJECT_CONVERSION = YES_AGGRESSIVE;
				CLANG_CXX_LANGUAGE_STANDARD = "gnu++17";
				CLANG_ENABLE_MODULES = YES;
				CLANG_ENABLE_OBJC_ARC = YES;
				CLANG_ENABLE_OBJC_WEAK = YES;
				CLANG_WARN_BLOCK_CAPTURE_AUTORELEASING = YES;
				CLANG_WARN_BOOL_CONVERSION = YES;
				CLANG_WARN_COMMA = YES;
				CLANG_WARN_CONSTANT_CONVERSION = YES;
				CLANG_WARN_DEPRECATED_OBJC_IMPLEMENTATIONS = YES;
				CLANG_WARN_DIRECT_OBJC_ISA_USAGE = YES_ERROR;
				CLANG_WARN_DOCUMENTATION_COMMENTS = YES;
				CLANG_WARN_EMPTY_BODY = YES;
				CLANG_WARN_ENUM_CONVERSION = YES;
				CLANG_WARN_INFINITE_RECURSION = YES;
				CLANG_WARN_INT_CONVERSION = YES;
				CLANG_WARN_NON_LITERAL_NULL_CONVERSION = YES;
				CLANG_WARN_OBJC_IMPLICIT_RETAIN_SELF = YES;
				CLANG_WARN_OBJC_LITERAL_CONVERSION = YES;
				CLANG_WARN_OBJC_ROOT_CLASS = YES_ERROR;
				CLANG_WARN_QUOTED_INCLUDE_IN_FRAMEWORK_HEADER = YES;
				CLANG_WARN_RANGE_LOOP_ANALYSIS = YES;
				CLANG_WARN_STRICT_PROTOTYPES = YES;
				CLANG_WARN_SUSPICIOUS_MOVE = YES;
				CLANG_WARN_UNGUARDED_AVAILABILITY = YES_AGGRESSIVE;
				CLANG_WARN_UNREACHABLE_CODE = YES;
				CLANG_WARN__DUPLICATE_METHOD_MATCH = YES;
				COPY_PHASE_STRIP = NO;
				DEBUG_INFORMATION_FORMAT = "dwarf-with-dsym";
				ENABLE_NS_ASSERTIONS = NO;
				ENABLE_STRICT_OBJC_MSGSEND = YES;
				GCC_C_LANGUAGE_STANDARD = gnu11;
				GCC_NO_COMMON_BLOCKS = YES;
				GCC_WARN_64_TO_32_BIT_CONVERSION = YES;
				GCC_WARN_ABOUT_RETURN_TYPE = YES_ERROR;
				GCC_WARN_UNDECLARED_SELECTOR = YES;
				GCC_WARN_UNINITIALIZED_AUTOS = YES_AGGRESSIVE;
				GCC_WARN_UNUSED_FUNCTION = YES;
				GCC_WARN_UNUSED_VARIABLE = YES;
				IPHONEOS_DEPLOYMENT_TARGET = 15.5;
				MTL_ENABLE_DEBUG_INFO = NO;
				MTL_FAST_MATH = YES;
				SDKROOT = iphoneos;
				SWIFT_COMPILATION_MODE = wholemodule;
				SWIFT_OPTIMIZATION_LEVEL = "-O";
				VALIDATE_PRODUCT = YES;
			};
			name = Release;
		};
		F521A5272896E2CD005D8BF6 /* Debug */ = {
			isa = XCBuildConfiguration;
			buildSettings = {
				ASSETCATALOG_COMPILER_APPICON_NAME = AppIcon;
				ASSETCATALOG_COMPILER_GLOBAL_ACCENT_COLOR_NAME = AccentColor;
				CODE_SIGN_STYLE = Automatic;
				CURRENT_PROJECT_VERSION = 1;
				DEVELOPMENT_ASSET_PATHS = "\"FishBuddy/Preview Content\"";
				DEVELOPMENT_TEAM = YM5Q6CZ66F;
				ENABLE_PREVIEWS = YES;
				GENERATE_INFOPLIST_FILE = YES;
				INFOPLIST_KEY_UIApplicationSceneManifest_Generation = YES;
				INFOPLIST_KEY_UIApplicationSupportsIndirectInputEvents = YES;
				INFOPLIST_KEY_UILaunchScreen_Generation = YES;
				INFOPLIST_KEY_UISupportedInterfaceOrientations_iPad = "UIInterfaceOrientationPortrait UIInterfaceOrientationPortraitUpsideDown UIInterfaceOrientationLandscapeLeft UIInterfaceOrientationLandscapeRight";
				INFOPLIST_KEY_UISupportedInterfaceOrientations_iPhone = "UIInterfaceOrientationPortrait UIInterfaceOrientationLandscapeLeft UIInterfaceOrientationLandscapeRight";
				IPHONEOS_DEPLOYMENT_TARGET = 16.0;
				LD_RUNPATH_SEARCH_PATHS = (
					"$(inherited)",
					"@executable_path/Frameworks",
				);
				MARKETING_VERSION = 1.0;
				PRODUCT_BUNDLE_IDENTIFIER = VStudios.FishBuddy;
				PRODUCT_NAME = "$(TARGET_NAME)";
				SWIFT_EMIT_LOC_STRINGS = YES;
				SWIFT_VERSION = 5.0;
				TARGETED_DEVICE_FAMILY = "1,2";
			};
			name = Debug;
		};
		F521A5282896E2CD005D8BF6 /* Release */ = {
			isa = XCBuildConfiguration;
			buildSettings = {
				ASSETCATALOG_COMPILER_APPICON_NAME = AppIcon;
				ASSETCATALOG_COMPILER_GLOBAL_ACCENT_COLOR_NAME = AccentColor;
				CODE_SIGN_STYLE = Automatic;
				CURRENT_PROJECT_VERSION = 1;
				DEVELOPMENT_ASSET_PATHS = "\"FishBuddy/Preview Content\"";
				DEVELOPMENT_TEAM = YM5Q6CZ66F;
				ENABLE_PREVIEWS = YES;
				GENERATE_INFOPLIST_FILE = YES;
				INFOPLIST_KEY_UIApplicationSceneManifest_Generation = YES;
				INFOPLIST_KEY_UIApplicationSupportsIndirectInputEvents = YES;
				INFOPLIST_KEY_UILaunchScreen_Generation = YES;
				INFOPLIST_KEY_UISupportedInterfaceOrientations_iPad = "UIInterfaceOrientationPortrait UIInterfaceOrientationPortraitUpsideDown UIInterfaceOrientationLandscapeLeft UIInterfaceOrientationLandscapeRight";
				INFOPLIST_KEY_UISupportedInterfaceOrientations_iPhone = "UIInterfaceOrientationPortrait UIInterfaceOrientationLandscapeLeft UIInterfaceOrientationLandscapeRight";
				IPHONEOS_DEPLOYMENT_TARGET = 16.0;
				LD_RUNPATH_SEARCH_PATHS = (
					"$(inherited)",
					"@executable_path/Frameworks",
				);
				MARKETING_VERSION = 1.0;
				PRODUCT_BUNDLE_IDENTIFIER = VStudios.FishBuddy;
				PRODUCT_NAME = "$(TARGET_NAME)";
				SWIFT_EMIT_LOC_STRINGS = YES;
				SWIFT_VERSION = 5.0;
				TARGETED_DEVICE_FAMILY = "1,2";
			};
			name = Release;
		};
		F521A52A2896E2CD005D8BF6 /* Debug */ = {
			isa = XCBuildConfiguration;
			buildSettings = {
				ALWAYS_EMBED_SWIFT_STANDARD_LIBRARIES = YES;
				BUNDLE_LOADER = "$(TEST_HOST)";
				CODE_SIGN_STYLE = Automatic;
				CURRENT_PROJECT_VERSION = 1;
				GENERATE_INFOPLIST_FILE = YES;
				IPHONEOS_DEPLOYMENT_TARGET = 15.5;
				MARKETING_VERSION = 1.0;
				PRODUCT_BUNDLE_IDENTIFIER = VStudios.FishBuddyTests;
				PRODUCT_NAME = "$(TARGET_NAME)";
				SWIFT_EMIT_LOC_STRINGS = NO;
				SWIFT_VERSION = 5.0;
				TARGETED_DEVICE_FAMILY = "1,2";
				TEST_HOST = "$(BUILT_PRODUCTS_DIR)/FishBuddy.app/FishBuddy";
			};
			name = Debug;
		};
		F521A52B2896E2CD005D8BF6 /* Release */ = {
			isa = XCBuildConfiguration;
			buildSettings = {
				ALWAYS_EMBED_SWIFT_STANDARD_LIBRARIES = YES;
				BUNDLE_LOADER = "$(TEST_HOST)";
				CODE_SIGN_STYLE = Automatic;
				CURRENT_PROJECT_VERSION = 1;
				GENERATE_INFOPLIST_FILE = YES;
				IPHONEOS_DEPLOYMENT_TARGET = 15.5;
				MARKETING_VERSION = 1.0;
				PRODUCT_BUNDLE_IDENTIFIER = VStudios.FishBuddyTests;
				PRODUCT_NAME = "$(TARGET_NAME)";
				SWIFT_EMIT_LOC_STRINGS = NO;
				SWIFT_VERSION = 5.0;
				TARGETED_DEVICE_FAMILY = "1,2";
				TEST_HOST = "$(BUILT_PRODUCTS_DIR)/FishBuddy.app/FishBuddy";
			};
			name = Release;
		};
		F521A52D2896E2CD005D8BF6 /* Debug */ = {
			isa = XCBuildConfiguration;
			buildSettings = {
				ALWAYS_EMBED_SWIFT_STANDARD_LIBRARIES = YES;
				CODE_SIGN_STYLE = Automatic;
				CURRENT_PROJECT_VERSION = 1;
				GENERATE_INFOPLIST_FILE = YES;
				MARKETING_VERSION = 1.0;
				PRODUCT_BUNDLE_IDENTIFIER = VStudios.FishBuddyUITests;
				PRODUCT_NAME = "$(TARGET_NAME)";
				SWIFT_EMIT_LOC_STRINGS = NO;
				SWIFT_VERSION = 5.0;
				TARGETED_DEVICE_FAMILY = "1,2";
				TEST_TARGET_NAME = FishBuddy;
			};
			name = Debug;
		};
		F521A52E2896E2CD005D8BF6 /* Release */ = {
			isa = XCBuildConfiguration;
			buildSettings = {
				ALWAYS_EMBED_SWIFT_STANDARD_LIBRARIES = YES;
				CODE_SIGN_STYLE = Automatic;
				CURRENT_PROJECT_VERSION = 1;
				GENERATE_INFOPLIST_FILE = YES;
				MARKETING_VERSION = 1.0;
				PRODUCT_BUNDLE_IDENTIFIER = VStudios.FishBuddyUITests;
				PRODUCT_NAME = "$(TARGET_NAME)";
				SWIFT_EMIT_LOC_STRINGS = NO;
				SWIFT_VERSION = 5.0;
				TARGETED_DEVICE_FAMILY = "1,2";
				TEST_TARGET_NAME = FishBuddy;
			};
			name = Release;
		};
/* End XCBuildConfiguration section */

/* Begin XCConfigurationList section */
		F521A4FD2896E2CC005D8BF6 /* Build configuration list for PBXProject "FishBuddy" */ = {
			isa = XCConfigurationList;
			buildConfigurations = (
				F521A5242896E2CD005D8BF6 /* Debug */,
				F521A5252896E2CD005D8BF6 /* Release */,
			);
			defaultConfigurationIsVisible = 0;
			defaultConfigurationName = Release;
		};
		F521A5262896E2CD005D8BF6 /* Build configuration list for PBXNativeTarget "FishBuddy" */ = {
			isa = XCConfigurationList;
			buildConfigurations = (
				F521A5272896E2CD005D8BF6 /* Debug */,
				F521A5282896E2CD005D8BF6 /* Release */,
			);
			defaultConfigurationIsVisible = 0;
			defaultConfigurationName = Release;
		};
		F521A5292896E2CD005D8BF6 /* Build configuration list for PBXNativeTarget "FishBuddyTests" */ = {
			isa = XCConfigurationList;
			buildConfigurations = (
				F521A52A2896E2CD005D8BF6 /* Debug */,
				F521A52B2896E2CD005D8BF6 /* Release */,
			);
			defaultConfigurationIsVisible = 0;
			defaultConfigurationName = Release;
		};
		F521A52C2896E2CD005D8BF6 /* Build configuration list for PBXNativeTarget "FishBuddyUITests" */ = {
			isa = XCConfigurationList;
			buildConfigurations = (
				F521A52D2896E2CD005D8BF6 /* Debug */,
				F521A52E2896E2CD005D8BF6 /* Release */,
			);
			defaultConfigurationIsVisible = 0;
			defaultConfigurationName = Release;
		};
/* End XCConfigurationList section */
	};
	rootObject = F521A4FA2896E2CC005D8BF6 /* Project object */;
}
